
Microsoft Visual Studio Solution File, Format Version 12.00
# Visual Studio Version 16
VisualStudioVersion = 16.0.30309.148
MinimumVisualStudioVersion = 10.0.40219.1
Project("{FAE04EC0-301F-11D3-BF4B-00C04F79EFBC}") = "XMLScreenSaver", "XMLScreenSaver\XMLScreenSaver.csproj", "{3C869677-A3CC-48C8-BA3E-C10239985580}"
EndProject
Global
	GlobalSection(SolutionConfigurationPlatforms) = preSolution
		Debug|Any CPU = Debug|Any CPU
		Release|Any CPU = Release|Any CPU
	EndGlobalSection
	GlobalSection(ProjectConfigurationPlatforms) = postSolution
		{3C869677-A3CC-48C8-BA3E-C10239985580}.Debug|Any CPU.ActiveCfg = Debug|Any CPU
		{3C869677-A3CC-48C8-BA3E-C10239985580}.Debug|Any CPU.Build.0 = Debug|Any CPU
		{3C869677-A3CC-48C8-BA3E-C10239985580}.Release|Any CPU.ActiveCfg = Release|Any CPU
		{3C869677-A3CC-48C8-BA3E-C10239985580}.Release|Any CPU.Build.0 = Release|Any CPU
	EndGlobalSection
	GlobalSection(SolutionProperties) = preSolution
		HideSolutionNode = FALSE
	EndGlobalSection
	GlobalSection(ExtensibilityGlobals) = postSolution
		SolutionGuid = {A60FF75D-7245-4D57-A7E5-24E35E8BC147}
	EndGlobalSection
EndGlobal
